
Microsoft Visual Studio Solution File, Format Version 12.00
# Visual Studio Version 17
VisualStudioVersion = 17.5.002.0
MinimumVisualStudioVersion = 10.0.40219.1
Project("{9A19103F-16F7-4668-BE54-9A1E7A4F7556}") = "workoutsbackend", "workoutsbackend.csproj", "{B996AC1C-75FA-4278-9CED-5E10837B1F77}"
EndProject
Global
	GlobalSection(SolutionConfigurationPlatforms) = preSolution
		Debug|Any CPU = Debug|Any CPU
		Release|Any CPU = Release|Any CPU
	EndGlobalSection
	GlobalSection(ProjectConfigurationPlatforms) = postSolution
		{B996AC1C-75FA-4278-9CED-5E10837B1F77}.Debug|Any CPU.ActiveCfg = Debug|Any CPU
		{B996AC1C-75FA-4278-9CED-5E10837B1F77}.Debug|Any CPU.Build.0 = Debug|Any CPU
		{B996AC1C-75FA-4278-9CED-5E10837B1F77}.Release|Any CPU.ActiveCfg = Release|Any CPU
		{B996AC1C-75FA-4278-9CED-5E10837B1F77}.Release|Any CPU.Build.0 = Release|Any CPU
	EndGlobalSection
	GlobalSection(SolutionProperties) = preSolution
		HideSolutionNode = FALSE
	EndGlobalSection
	GlobalSection(ExtensibilityGlobals) = postSolution
		SolutionGuid = {7EC75C18-2030-4710-99CF-927C1AC2CD43}
	EndGlobalSection
EndGlobal
